
Microsoft Visual Studio Solution File, Format Version 12.00
# Visual Studio 15
VisualStudioVersion = 15.0.27703.2047
MinimumVisualStudioVersion = 10.0.40219.1
Project("{FAE04EC0-301F-11D3-BF4B-00C04F79EFBC}") = "NewProject", "NewProject\NewProject.csproj", "{3C7D5FB5-C3A6-4CC2-80A3-C48F42BB327D}"
EndProject
Global
	GlobalSection(SolutionConfigurationPlatforms) = preSolution
		Debug|Any CPU = Debug|Any CPU
		Release|Any CPU = Release|Any CPU
	EndGlobalSection
	GlobalSection(ProjectConfigurationPlatforms) = postSolution
		{3C7D5FB5-C3A6-4CC2-80A3-C48F42BB327D}.Debug|Any CPU.ActiveCfg = Debug|Any CPU
		{3C7D5FB5-C3A6-4CC2-80A3-C48F42BB327D}.Debug|Any CPU.Build.0 = Debug|Any CPU
		{3C7D5FB5-C3A6-4CC2-80A3-C48F42BB327D}.Release|Any CPU.ActiveCfg = Release|Any CPU
		{3C7D5FB5-C3A6-4CC2-80A3-C48F42BB327D}.Release|Any CPU.Build.0 = Release|Any CPU
	EndGlobalSection
	GlobalSection(SolutionProperties) = preSolution
		HideSolutionNode = FALSE
	EndGlobalSection
	GlobalSection(ExtensibilityGlobals) = postSolution
		SolutionGuid = {2B820961-D8E9-4209-8001-ABEDC615DBC0}
	EndGlobalSection
EndGlobal
